
Microsoft Visual Studio Solution File, Format Version 12.00
# Visual Studio Version 16
VisualStudioVersion = 16.0.31515.178
MinimumVisualStudioVersion = 10.0.40219.1
Project("{9A19103F-16F7-4668-BE54-9A1E7A4F7556}") = "Application", "Application\Application.csproj", "{137F88BB-C8A6-4A91-B942-F2B723544EAC}"
EndProject
Global
	GlobalSection(SolutionConfigurationPlatforms) = preSolution
		Debug|Any CPU = Debug|Any CPU
		Release|Any CPU = Release|Any CPU
	EndGlobalSection
	GlobalSection(ProjectConfigurationPlatforms) = postSolution
		{137F88BB-C8A6-4A91-B942-F2B723544EAC}.Debug|Any CPU.ActiveCfg = Debug|Any CPU
		{137F88BB-C8A6-4A91-B942-F2B723544EAC}.Debug|Any CPU.Build.0 = Debug|Any CPU
		{137F88BB-C8A6-4A91-B942-F2B723544EAC}.Release|Any CPU.ActiveCfg = Release|Any CPU
		{137F88BB-C8A6-4A91-B942-F2B723544EAC}.Release|Any CPU.Build.0 = Release|Any CPU
	EndGlobalSection
	GlobalSection(SolutionProperties) = preSolution
		HideSolutionNode = FALSE
	EndGlobalSection
	GlobalSection(ExtensibilityGlobals) = postSolution
		SolutionGuid = {030393E3-F7FC-4372-8270-3D3DC2EE9E84}
	EndGlobalSection
EndGlobal
